
Microsoft Visual Studio Solution File, Format Version 12.00
# Visual Studio Version 16
VisualStudioVersion = 16.0.30011.22
MinimumVisualStudioVersion = 10.0.40219.1
Project("{FAE04EC0-301F-11D3-BF4B-00C04F79EFBC}") = "NativeCodingChallenge", "NativeCodingChallenge\NativeCodingChallenge.csproj", "{D4E2C722-D7E9-43AF-A86F-1610B3DD6530}"
EndProject
Project("{FAE04EC0-301F-11D3-BF4B-00C04F79EFBC}") = "WebApplication", "WebApplication\WebApplication.csproj", "{AF588055-013A-48C0-857B-B28A370CBAD4}"
EndProject
Global
	GlobalSection(SolutionConfigurationPlatforms) = preSolution
		Debug|Any CPU = Debug|Any CPU
		Release|Any CPU = Release|Any CPU
	EndGlobalSection
	GlobalSection(ProjectConfigurationPlatforms) = postSolution
		{D4E2C722-D7E9-43AF-A86F-1610B3DD6530}.Debug|Any CPU.ActiveCfg = Debug|Any CPU
		{D4E2C722-D7E9-43AF-A86F-1610B3DD6530}.Debug|Any CPU.Build.0 = Debug|Any CPU
		{D4E2C722-D7E9-43AF-A86F-1610B3DD6530}.Release|Any CPU.ActiveCfg = Release|Any CPU
		{D4E2C722-D7E9-43AF-A86F-1610B3DD6530}.Release|Any CPU.Build.0 = Release|Any CPU
		{AF588055-013A-48C0-857B-B28A370CBAD4}.Debug|Any CPU.ActiveCfg = Debug|Any CPU
		{AF588055-013A-48C0-857B-B28A370CBAD4}.Debug|Any CPU.Build.0 = Debug|Any CPU
		{AF588055-013A-48C0-857B-B28A370CBAD4}.Release|Any CPU.ActiveCfg = Release|Any CPU
		{AF588055-013A-48C0-857B-B28A370CBAD4}.Release|Any CPU.Build.0 = Release|Any CPU
	EndGlobalSection
	GlobalSection(SolutionProperties) = preSolution
		HideSolutionNode = FALSE
	EndGlobalSection
	GlobalSection(ExtensibilityGlobals) = postSolution
		SolutionGuid = {1E874FD6-5005-45E1-9F51-8735F2F50775}
	EndGlobalSection
EndGlobal
